PODS:
  - Alamofire (4.5.1)
  - AWSAuthCore (2.6.2):
    - AWSCore (= 2.6.2)
  - AWSCognito (2.6.2):
    - AWSCore (= 2.6.2)
  - AWSCore (2.6.2)
  - AWSDynamoDB (2.6.2):
    - AWSCore (= 2.6.2)
  - AWSS3 (2.6.2):
    - AWSCore (= 2.6.2)
  - AWSSNS (2.6.2):
    - AWSCore (= 2.6.2)
  - Firebase/Auth (4.3.0):
    - Firebase/Core
    - FirebaseAuth (= 4.2.1)
  - Firebase/Core (4.3.0):
    - FirebaseAnalytics (= 4.0.4)
    - FirebaseCore (= 4.0.8)
  - FirebaseAnalytics (4.0.4):
    - FirebaseCore (~> 4.0)
    - FirebaseInstanceID (~> 2.0)
    - GoogleToolboxForMac/NSData+zlib (~> 2.1)
    - nanopb (~> 0.3)
  - FirebaseAuth (4.2.1):
    - FirebaseAnalytics (~> 4.0)
    - GoogleToolboxForMac/NSDictionary+URLArguments (~> 2.1)
    - GTMSessionFetcher/Core (~> 1.1)
  - FirebaseCore (4.0.8):
    - GoogleToolboxForMac/NSData+zlib (~> 2.1)
    - nanopb (~> 0.3)
  - FirebaseInstanceID (2.0.4)
  - GIFRefreshControl (1.4.0)
  - GoogleToolboxForMac/DebugUtils (2.1.3):
    - GoogleToolboxForMac/Defines (= 2.1.3)
  - GoogleToolboxForMac/Defines (2.1.3)
  - GoogleToolboxForMac/NSData+zlib (2.1.3):
    - GoogleToolboxForMac/Defines (= 2.1.3)
  - GoogleToolboxForMac/NSDictionary+URLArguments (2.1.3):
    - GoogleToolboxForMac/DebugUtils (= 2.1.3)
    - GoogleToolboxForMac/Defines (= 2.1.3)
    - GoogleToolboxForMac/NSString+URLArguments (= 2.1.3)
  - GoogleToolboxForMac/NSString+URLArguments (2.1.3)
  - GTMSessionFetcher/Core (1.1.12)
  - LGSideMenuController (2.1.1)
  - MBProgressHUD (1.0.0)
  - nanopb (0.3.8):
    - nanopb/decode (= 0.3.8)
    - nanopb/encode (= 0.3.8)
  - nanopb/decode (0.3.8)
  - nanopb/encode (0.3.8)
  - NVActivityIndicatorView (4.0.0):
    - NVActivityIndicatorView/Presenter (= 4.0.0)
  - NVActivityIndicatorView/Presenter (4.0.0)
  - RangeSeekSlider (1.7.0)
  - SDWebImage (4.1.2):
    - SDWebImage/Core (= 4.1.2)
  - SDWebImage/Core (4.1.2)
  - SwiftGifOrigin (1.6.1)
  - SwiftHash (2.0.1)
  - SwiftyJSON (3.1.4)

DEPENDENCIES:
  - Alamofire
  - AWSAuthCore (~> 2.6.1)
  - AWSCognito (~> 2.6.1)
  - AWSDynamoDB (~> 2.6.1)
  - AWSS3 (~> 2.6.1)
  - AWSSNS (~> 2.6.1)
  - Firebase/Auth
  - Firebase/Core
  - GIFRefreshControl
  - LGSideMenuController
  - MBProgressHUD (~> 1.0.0)
  - NVActivityIndicatorView
  - RangeSeekSlider
  - SDWebImage (~> 4.0)
  - SwiftGifOrigin (~> 1.6.1)
  - SwiftHash (from `https://github.com/onmyway133/SwiftHash`)
  - SwiftyJSON

EXTERNAL SOURCES:
  SwiftHash:
    :git: https://github.com/onmyway133/SwiftHash

CHECKOUT OPTIONS:
  SwiftHash:
    :commit: 1387bd2a614060ff516b3aa1279354b139b3e6f1
    :git: https://github.com/onmyway133/SwiftHash

SPEC CHECKSUMS:
  Alamofire: 2d95912bf4c34f164fdfc335872e8c312acaea4a
  AWSAuthCore: 41155990fc5b10d84667c237a8757799edbf6267
  AWSCognito: e8db76ef485fbbc1c90617217451301b1477ce45
  AWSCore: 8f458961a4967be219162108f5be7df1c935639a
  AWSDynamoDB: 29e1d8775b13a18033b6064e1563e5769fdfe024
  AWSS3: b3e2c4aca868cae06b5b88337ceabee25709fcc5
  AWSSNS: 8dd8972ea374391dc61f04d19cd496c523708748
  Firebase: 83283761a1ef6dc9846e03d08059f51421afbd65
  FirebaseAnalytics: 722b53c7b32bfc7806b06e0093a2f5180d4f2c5a
  FirebaseAuth: d7f047fbeab98062b98ea933b8d934e0fb1190e2
  FirebaseCore: 69b1a5ac5f857ba6d5fd9d5fe794f4786dd5e579
  FirebaseInstanceID: 70c2b877e9338971b2429ea5a4293df6961aa44e
  GIFRefreshControl: 2c5d5be135988f32000f20179d410d69c104a6bd
  GoogleToolboxForMac: 2501e2ad72a52eb3dfe7bd9aee7dad11b858bd20
  GTMSessionFetcher: ebaa1f79a5366922c1735f1566901f50beba23b7
  LGSideMenuController: ae40c80983ab8b8801c7cef0a6804d43aaa72d45
  MBProgressHUD: 4890f671c94e8a0f3cf959aa731e9de2f036d71a
  nanopb: 5601e6bca2dbf1ed831b519092ec110f66982ca3
  NVActivityIndicatorView: 54c9b93b6f25a4f467512680c0c90c09a1095cf2
  RangeSeekSlider: 0386c5a9aa5ebcb2fa5238e8a627280cf46c7c0a
  SDWebImage: cb6f9f266a9977741efcbc21e618e8be3734c774
  SwiftGifOrigin: d6679d3ebe9df2e049a84bc52582635107b581f6
  SwiftHash: 62691a0d6b09b958d21ab1ea0014b83d56f58e8f
  SwiftyJSON: c2842d878f95482ffceec5709abc3d05680c0220

PODFILE CHECKSUM: ff2d0311fd5c5381220d1edcd980c68cfe438125

COCOAPODS: 1.3.1
