PODS:
  - Alamofire (4.5.1)
  - AWSAuthCore (2.6.3):
    - AWSCore (= 2.6.3)
  - AWSCognito (2.6.3):
    - AWSCore (= 2.6.3)
  - AWSCore (2.6.3)
  - AWSDynamoDB (2.6.3):
    - AWSCore (= 2.6.3)
  - AWSS3 (2.6.3):
    - AWSCore (= 2.6.3)
  - AWSSNS (2.6.3):
    - AWSCore (= 2.6.3)
  - Firebase/Auth (4.3.0):
    - Firebase/Core
    - FirebaseAuth (= 4.2.1)
  - Firebase/Core (4.3.0):
    - FirebaseAnalytics (= 4.0.4)
    - FirebaseCore (= 4.0.8)
  - FirebaseAnalytics (4.0.4):
    - FirebaseCore (~> 4.0)
    - FirebaseInstanceID (~> 2.0)
    - GoogleToolboxForMac/NSData+zlib (~> 2.1)
    - nanopb (~> 0.3)
  - FirebaseAuth (4.2.1):
    - FirebaseAnalytics (~> 4.0)
    - GoogleToolboxForMac/NSDictionary+URLArguments (~> 2.1)
    - GTMSessionFetcher/Core (~> 1.1)
  - FirebaseCore (4.0.8):
    - GoogleToolboxForMac/NSData+zlib (~> 2.1)
    - nanopb (~> 0.3)
  - FirebaseInstanceID (2.0.4)
  - GIFRefreshControl (1.4.0)
  - GoogleToolboxForMac/DebugUtils (2.1.3):
    - GoogleToolboxForMac/Defines (= 2.1.3)
  - GoogleToolboxForMac/Defines (2.1.3)
  - GoogleToolboxForMac/NSData+zlib (2.1.3):
    - GoogleToolboxForMac/Defines (= 2.1.3)
  - GoogleToolboxForMac/NSDictionary+URLArguments (2.1.3):
    - GoogleToolboxForMac/DebugUtils (= 2.1.3)
    - GoogleToolboxForMac/Defines (= 2.1.3)
    - GoogleToolboxForMac/NSString+URLArguments (= 2.1.3)
  - GoogleToolboxForMac/NSString+URLArguments (2.1.3)
  - GTMSessionFetcher/Core (1.1.12)
  - LGSideMenuController (2.1.1)
  - MBProgressHUD (1.0.0)
  - nanopb (0.3.8):
    - nanopb/decode (= 0.3.8)
    - nanopb/encode (= 0.3.8)
  - nanopb/decode (0.3.8)
  - nanopb/encode (0.3.8)
  - NVActivityIndicatorView (4.0.0):
    - NVActivityIndicatorView/Presenter (= 4.0.0)
  - NVActivityIndicatorView/Presenter (4.0.0)
  - RangeSeekSlider (1.7.0)
  - SDWebImage (4.1.2):
    - SDWebImage/Core (= 4.1.2)
  - SDWebImage/Core (4.1.2)
  - SimpleImageViewer (1.0.1)
  - SwiftGifOrigin (1.6.1)
  - SwiftHash (2.0.1)
  - SwiftyJSON (3.1.4)

DEPENDENCIES:
  - Alamofire
  - AWSAuthCore (~> 2.6.1)
  - AWSCognito (~> 2.6.1)
  - AWSDynamoDB (~> 2.6.1)
  - AWSS3 (~> 2.6.1)
  - AWSSNS (~> 2.6.1)
  - Firebase/Auth
  - Firebase/Core
  - GIFRefreshControl
  - LGSideMenuController
  - MBProgressHUD (~> 1.0.0)
  - NVActivityIndicatorView
  - RangeSeekSlider
  - SDWebImage (~> 4.0)
  - SimpleImageViewer
  - SwiftGifOrigin (~> 1.6.1)
  - SwiftHash (from `https://github.com/onmyway133/SwiftHash`)
  - SwiftyJSON

EXTERNAL SOURCES:
  SwiftHash:
    :git: https://github.com/onmyway133/SwiftHash

CHECKOUT OPTIONS:
  SwiftHash:
    :commit: dd08f681c805c759d656c1cf98b0fec3b5886e42
    :git: https://github.com/onmyway133/SwiftHash

SPEC CHECKSUMS:
  Alamofire: 2d95912bf4c34f164fdfc335872e8c312acaea4a
  AWSAuthCore: d45af3dc231d436703432c5fe856bfe325867f73
  AWSCognito: 89beca0210b195ab0f1e3b21b9b3b8462c55c9ec
  AWSCore: 05ff0ec10c2e79487e0caaa64faa3b76884a7b2f
  AWSDynamoDB: 39ff6a016a5f9f90ea9c40db3ebdcba135d552f5
  AWSS3: 01613bbee0409d270aabbc1e37ec5012400d4cce
  AWSSNS: 02c2901829fcdc3a92b2555df5d97644ad7f7033
  Firebase: 83283761a1ef6dc9846e03d08059f51421afbd65
  FirebaseAnalytics: 722b53c7b32bfc7806b06e0093a2f5180d4f2c5a
  FirebaseAuth: d7f047fbeab98062b98ea933b8d934e0fb1190e2
  FirebaseCore: 69b1a5ac5f857ba6d5fd9d5fe794f4786dd5e579
  FirebaseInstanceID: 70c2b877e9338971b2429ea5a4293df6961aa44e
  GIFRefreshControl: 2c5d5be135988f32000f20179d410d69c104a6bd
  GoogleToolboxForMac: 2501e2ad72a52eb3dfe7bd9aee7dad11b858bd20
  GTMSessionFetcher: ebaa1f79a5366922c1735f1566901f50beba23b7
  LGSideMenuController: ae40c80983ab8b8801c7cef0a6804d43aaa72d45
  MBProgressHUD: 4890f671c94e8a0f3cf959aa731e9de2f036d71a
  nanopb: 5601e6bca2dbf1ed831b519092ec110f66982ca3
  NVActivityIndicatorView: 54c9b93b6f25a4f467512680c0c90c09a1095cf2
  RangeSeekSlider: 0386c5a9aa5ebcb2fa5238e8a627280cf46c7c0a
  SDWebImage: cb6f9f266a9977741efcbc21e618e8be3734c774
  SimpleImageViewer: ab0deb97a2cbe008db5c60ea62a9431c2ce0c2e1
  SwiftGifOrigin: d6679d3ebe9df2e049a84bc52582635107b581f6
  SwiftHash: 62691a0d6b09b958d21ab1ea0014b83d56f58e8f
  SwiftyJSON: c2842d878f95482ffceec5709abc3d05680c0220

PODFILE CHECKSUM: 826064157af5339dc214a70500f525f7947ec919

COCOAPODS: 1.3.1
